
Microsoft Visual Studio Solution File, Format Version 12.00
# Visual Studio Version 17
VisualStudioVersion = 17.0.32014.148
MinimumVisualStudioVersion = 10.0.40219.1
Project("{2150E333-8FDC-42A3-9474-1A3956D46DE8}") = "FrontEnd", "FrontEnd", "{1D659F69-432B-43EE-9B2D-C2E7ADADE081}"
EndProject
Project("{9A19103F-16F7-4668-BE54-9A1E7A4F7556}") = "Mango.Web", "Mango.Web\Mango.Web.csproj", "{D6BE580F-251E-48CD-AC5A-57FD2B3D54FF}"
EndProject
Project("{2150E333-8FDC-42A3-9474-1A3956D46DE8}") = "Services", "Services", "{0E122A7A-AC40-49B9-857D-ED58AA8FC8EE}"
EndProject
Project("{9A19103F-16F7-4668-BE54-9A1E7A4F7556}") = "Mango.Services.ProductApi", "Mango.Services.ProductApi\Mango.Services.ProductApi.csproj", "{5C70CD53-F6C1-47B0-9B3B-727BFC9CB465}"
EndProject
Project("{9A19103F-16F7-4668-BE54-9A1E7A4F7556}") = "Mango.Services.Identity", "Mango.Services.Identity\Mango.Services.Identity.csproj", "{55926C69-449C-4E0A-B6E7-8639D247FEC1}"
EndProject
Project("{9A19103F-16F7-4668-BE54-9A1E7A4F7556}") = "Mango.Services.OpenId", "Mango.Services.OpenId\Mango.Services.OpenId.csproj", "{360C4964-3DB6-423A-8250-DA99D0AD8B7E}"
EndProject
Project("{9A19103F-16F7-4668-BE54-9A1E7A4F7556}") = "Mango.Services.ShoppingCartApi", "Mango.Services.ShoppingCartApi\Mango.Services.ShoppingCartApi.csproj", "{63062E95-1676-4B70-B00E-4046609723C2}"
EndProject
Project("{9A19103F-16F7-4668-BE54-9A1E7A4F7556}") = "Mango.Services.CouponApi", "Mango.Services.CouponApi\Mango.Services.CouponApi.csproj", "{E64BF3BB-48DB-4E34-92BE-B402F113A73F}"
EndProject
Project("{2150E333-8FDC-42A3-9474-1A3956D46DE8}") = "Integration", "Integration", "{38385300-A318-4F4B-9CD6-4DED6C4F0AFB}"
EndProject
Project("{9A19103F-16F7-4668-BE54-9A1E7A4F7556}") = "Mango.MessageBus", "Mango.MessageBus\Mango.MessageBus.csproj", "{5F5F5985-4CEC-4F3D-A6D1-CD8D1F49BD5C}"
EndProject
Project("{9A19103F-16F7-4668-BE54-9A1E7A4F7556}") = "Mango.Services.OrderApi", "Mango.Services.OrderApi\Mango.Services.OrderApi.csproj", "{32FCCBB5-6B69-4C6A-88C2-0361043CD5ED}"
EndProject
Project("{2150E333-8FDC-42A3-9474-1A3956D46DE8}") = "Payments", "Payments", "{55F77873-CF2E-40AD-8925-8634F44ECD23}"
EndProject
Project("{FAE04EC0-301F-11D3-BF4B-00C04F79EFBC}") = "PaymentProcessor", "PaymentProcessor\PaymentProcessor.csproj", "{FA28D8A3-8032-48CF-AAE8-1977AD3377ED}"
EndProject
Global
	GlobalSection(SolutionConfigurationPlatforms) = preSolution
		Debug|Any CPU = Debug|Any CPU
		Release|Any CPU = Release|Any CPU
	EndGlobalSection
	GlobalSection(ProjectConfigurationPlatforms) = postSolution
		{D6BE580F-251E-48CD-AC5A-57FD2B3D54FF}.Debug|Any CPU.ActiveCfg = Debug|Any CPU
		{D6BE580F-251E-48CD-AC5A-57FD2B3D54FF}.Debug|Any CPU.Build.0 = Debug|Any CPU
		{D6BE580F-251E-48CD-AC5A-57FD2B3D54FF}.Release|Any CPU.ActiveCfg = Release|Any CPU
		{D6BE580F-251E-48CD-AC5A-57FD2B3D54FF}.Release|Any CPU.Build.0 = Release|Any CPU
		{5C70CD53-F6C1-47B0-9B3B-727BFC9CB465}.Debug|Any CPU.ActiveCfg = Debug|Any CPU
		{5C70CD53-F6C1-47B0-9B3B-727BFC9CB465}.Debug|Any CPU.Build.0 = Debug|Any CPU
		{5C70CD53-F6C1-47B0-9B3B-727BFC9CB465}.Release|Any CPU.ActiveCfg = Release|Any CPU
		{5C70CD53-F6C1-47B0-9B3B-727BFC9CB465}.Release|Any CPU.Build.0 = Release|Any CPU
		{55926C69-449C-4E0A-B6E7-8639D247FEC1}.Debug|Any CPU.ActiveCfg = Debug|Any CPU
		{55926C69-449C-4E0A-B6E7-8639D247FEC1}.Debug|Any CPU.Build.0 = Debug|Any CPU
		{55926C69-449C-4E0A-B6E7-8639D247FEC1}.Release|Any CPU.ActiveCfg = Release|Any CPU
		{55926C69-449C-4E0A-B6E7-8639D247FEC1}.Release|Any CPU.Build.0 = Release|Any CPU
		{360C4964-3DB6-423A-8250-DA99D0AD8B7E}.Debug|Any CPU.ActiveCfg = Debug|Any CPU
		{360C4964-3DB6-423A-8250-DA99D0AD8B7E}.Debug|Any CPU.Build.0 = Debug|Any CPU
		{360C4964-3DB6-423A-8250-DA99D0AD8B7E}.Release|Any CPU.ActiveCfg = Release|Any CPU
		{360C4964-3DB6-423A-8250-DA99D0AD8B7E}.Release|Any CPU.Build.0 = Release|Any CPU
		{63062E95-1676-4B70-B00E-4046609723C2}.Debug|Any CPU.ActiveCfg = Debug|Any CPU
		{63062E95-1676-4B70-B00E-4046609723C2}.Debug|Any CPU.Build.0 = Debug|Any CPU
		{63062E95-1676-4B70-B00E-4046609723C2}.Release|Any CPU.ActiveCfg = Release|Any CPU
		{63062E95-1676-4B70-B00E-4046609723C2}.Release|Any CPU.Build.0 = Release|Any CPU
		{E64BF3BB-48DB-4E34-92BE-B402F113A73F}.Debug|Any CPU.ActiveCfg = Debug|Any CPU
		{E64BF3BB-48DB-4E34-92BE-B402F113A73F}.Debug|Any CPU.Build.0 = Debug|Any CPU
		{E64BF3BB-48DB-4E34-92BE-B402F113A73F}.Release|Any CPU.ActiveCfg = Release|Any CPU
		{E64BF3BB-48DB-4E34-92BE-B402F113A73F}.Release|Any CPU.Build.0 = Release|Any CPU
		{5F5F5985-4CEC-4F3D-A6D1-CD8D1F49BD5C}.Debug|Any CPU.ActiveCfg = Debug|Any CPU
		{5F5F5985-4CEC-4F3D-A6D1-CD8D1F49BD5C}.Debug|Any CPU.Build.0 = Debug|Any CPU
		{5F5F5985-4CEC-4F3D-A6D1-CD8D1F49BD5C}.Release|Any CPU.ActiveCfg = Release|Any CPU
		{5F5F5985-4CEC-4F3D-A6D1-CD8D1F49BD5C}.Release|Any CPU.Build.0 = Release|Any CPU
		{32FCCBB5-6B69-4C6A-88C2-0361043CD5ED}.Debug|Any CPU.ActiveCfg = Debug|Any CPU
		{32FCCBB5-6B69-4C6A-88C2-0361043CD5ED}.Debug|Any CPU.Build.0 = Debug|Any CPU
		{32FCCBB5-6B69-4C6A-88C2-0361043CD5ED}.Release|Any CPU.ActiveCfg = Release|Any CPU
		{32FCCBB5-6B69-4C6A-88C2-0361043CD5ED}.Release|Any CPU.Build.0 = Release|Any CPU
		{FA28D8A3-8032-48CF-AAE8-1977AD3377ED}.Debug|Any CPU.ActiveCfg = Debug|Any CPU
		{FA28D8A3-8032-48CF-AAE8-1977AD3377ED}.Debug|Any CPU.Build.0 = Debug|Any CPU
		{FA28D8A3-8032-48CF-AAE8-1977AD3377ED}.Release|Any CPU.ActiveCfg = Release|Any CPU
		{FA28D8A3-8032-48CF-AAE8-1977AD3377ED}.Release|Any CPU.Build.0 = Release|Any CPU
	EndGlobalSection
	GlobalSection(SolutionProperties) = preSolution
		HideSolutionNode = FALSE
	EndGlobalSection
	GlobalSection(NestedProjects) = preSolution
		{D6BE580F-251E-48CD-AC5A-57FD2B3D54FF} = {1D659F69-432B-43EE-9B2D-C2E7ADADE081}
		{5C70CD53-F6C1-47B0-9B3B-727BFC9CB465} = {0E122A7A-AC40-49B9-857D-ED58AA8FC8EE}
		{55926C69-449C-4E0A-B6E7-8639D247FEC1} = {0E122A7A-AC40-49B9-857D-ED58AA8FC8EE}
		{360C4964-3DB6-423A-8250-DA99D0AD8B7E} = {0E122A7A-AC40-49B9-857D-ED58AA8FC8EE}
		{63062E95-1676-4B70-B00E-4046609723C2} = {0E122A7A-AC40-49B9-857D-ED58AA8FC8EE}
		{E64BF3BB-48DB-4E34-92BE-B402F113A73F} = {0E122A7A-AC40-49B9-857D-ED58AA8FC8EE}
		{5F5F5985-4CEC-4F3D-A6D1-CD8D1F49BD5C} = {38385300-A318-4F4B-9CD6-4DED6C4F0AFB}
		{32FCCBB5-6B69-4C6A-88C2-0361043CD5ED} = {0E122A7A-AC40-49B9-857D-ED58AA8FC8EE}
		{FA28D8A3-8032-48CF-AAE8-1977AD3377ED} = {55F77873-CF2E-40AD-8925-8634F44ECD23}
	EndGlobalSection
	GlobalSection(ExtensibilityGlobals) = postSolution
		SolutionGuid = {6481D686-B0ED-468A-B3F1-4F2736C741DB}
	EndGlobalSection
EndGlobal
